
Microsoft Visual Studio Solution File, Format Version 12.00
# Visual Studio Version 17
VisualStudioVersion = 17.0.31903.59
MinimumVisualStudioVersion = 10.0.40219.1
Project("{FAE04EC0-301F-11D3-BF4B-00C04F79EFBC}") = "OpsFlow.Api", "OpsFlow.Api\OpsFlow.Api.csproj", "{2458FD26-FBEC-4F4A-B5DA-2C92F19BE8C2}"
EndProject
Project("{FAE04EC0-301F-11D3-BF4B-00C04F79EFBC}") = "OpsFlow.Application", "OpsFlow.Application\OpsFlow.Application.csproj", "{E6621942-C72A-4BC2-9870-C97CF1DF3B74}"
EndProject
Project("{FAE04EC0-301F-11D3-BF4B-00C04F79EFBC}") = "OpsFlow.Domain", "OpsFlow.Domain\OpsFlow.Domain.csproj", "{CDB0357E-BFD1-4452-8F85-0DB978CB7B66}"
EndProject
Project("{FAE04EC0-301F-11D3-BF4B-00C04F79EFBC}") = "OpsFlow.Infrastructure", "OpsFlow.Infrastructure\OpsFlow.Infrastructure.csproj", "{C139BC52-FB07-4C5B-B8A9-1B03AAB4A10E}"
EndProject
Global
	GlobalSection(SolutionConfigurationPlatforms) = preSolution
		Debug|Any CPU = Debug|Any CPU
		Debug|x64 = Debug|x64
		Debug|x86 = Debug|x86
		Release|Any CPU = Release|Any CPU
		Release|x64 = Release|x64
		Release|x86 = Release|x86
	EndGlobalSection
	GlobalSection(ProjectConfigurationPlatforms) = postSolution
		{2458FD26-FBEC-4F4A-B5DA-2C92F19BE8C2}.Debug|Any CPU.ActiveCfg = Debug|Any CPU
		{2458FD26-FBEC-4F4A-B5DA-2C92F19BE8C2}.Debug|Any CPU.Build.0 = Debug|Any CPU
		{2458FD26-FBEC-4F4A-B5DA-2C92F19BE8C2}.Debug|x64.ActiveCfg = Debug|Any CPU
		{2458FD26-FBEC-4F4A-B5DA-2C92F19BE8C2}.Debug|x64.Build.0 = Debug|Any CPU
		{2458FD26-FBEC-4F4A-B5DA-2C92F19BE8C2}.Debug|x86.ActiveCfg = Debug|Any CPU
		{2458FD26-FBEC-4F4A-B5DA-2C92F19BE8C2}.Debug|x86.Build.0 = Debug|Any CPU
		{2458FD26-FBEC-4F4A-B5DA-2C92F19BE8C2}.Release|Any CPU.ActiveCfg = Release|Any CPU
		{2458FD26-FBEC-4F4A-B5DA-2C92F19BE8C2}.Release|Any CPU.Build.0 = Release|Any CPU
		{2458FD26-FBEC-4F4A-B5DA-2C92F19BE8C2}.Release|x64.ActiveCfg = Release|Any CPU
		{2458FD26-FBEC-4F4A-B5DA-2C92F19BE8C2}.Release|x64.Build.0 = Release|Any CPU
		{2458FD26-FBEC-4F4A-B5DA-2C92F19BE8C2}.Release|x86.ActiveCfg = Release|Any CPU
		{2458FD26-FBEC-4F4A-B5DA-2C92F19BE8C2}.Release|x86.Build.0 = Release|Any CPU
		{E6621942-C72A-4BC2-9870-C97CF1DF3B74}.Debug|Any CPU.ActiveCfg = Debug|Any CPU
		{E6621942-C72A-4BC2-9870-C97CF1DF3B74}.Debug|Any CPU.Build.0 = Debug|Any CPU
		{E6621942-C72A-4BC2-9870-C97CF1DF3B74}.Debug|x64.ActiveCfg = Debug|Any CPU
		{E6621942-C72A-4BC2-9870-C97CF1DF3B74}.Debug|x64.Build.0 = Debug|Any CPU
		{E6621942-C72A-4BC2-9870-C97CF1DF3B74}.Debug|x86.ActiveCfg = Debug|Any CPU
		{E6621942-C72A-4BC2-9870-C97CF1DF3B74}.Debug|x86.Build.0 = Debug|Any CPU
		{E6621942-C72A-4BC2-9870-C97CF1DF3B74}.Release|Any CPU.ActiveCfg = Release|Any CPU
		{E6621942-C72A-4BC2-9870-C97CF1DF3B74}.Release|Any CPU.Build.0 = Release|Any CPU
		{E6621942-C72A-4BC2-9870-C97CF1DF3B74}.Release|x64.ActiveCfg = Release|Any CPU
		{E6621942-C72A-4BC2-9870-C97CF1DF3B74}.Release|x64.Build.0 = Release|Any CPU
		{E6621942-C72A-4BC2-9870-C97CF1DF3B74}.Release|x86.ActiveCfg = Release|Any CPU
		{E6621942-C72A-4BC2-9870-C97CF1DF3B74}.Release|x86.Build.0 = Release|Any CPU
		{CDB0357E-BFD1-4452-8F85-0DB978CB7B66}.Debug|Any CPU.ActiveCfg = Debug|Any CPU
		{CDB0357E-BFD1-4452-8F85-0DB978CB7B66}.Debug|Any CPU.Build.0 = Debug|Any CPU
		{CDB0357E-BFD1-4452-8F85-0DB978CB7B66}.Debug|x64.ActiveCfg = Debug|Any CPU
		{CDB0357E-BFD1-4452-8F85-0DB978CB7B66}.Debug|x64.Build.0 = Debug|Any CPU
		{CDB0357E-BFD1-4452-8F85-0DB978CB7B66}.Debug|x86.ActiveCfg = Debug|Any CPU
		{CDB0357E-BFD1-4452-8F85-0DB978CB7B66}.Debug|x86.Build.0 = Debug|Any CPU
		{CDB0357E-BFD1-4452-8F85-0DB978CB7B66}.Release|Any CPU.ActiveCfg = Release|Any CPU
		{CDB0357E-BFD1-4452-8F85-0DB978CB7B66}.Release|Any CPU.Build.0 = Release|Any CPU
		{CDB0357E-BFD1-4452-8F85-0DB978CB7B66}.Release|x64.ActiveCfg = Release|Any CPU
		{CDB0357E-BFD1-4452-8F85-0DB978CB7B66}.Release|x64.Build.0 = Release|Any CPU
		{CDB0357E-BFD1-4452-8F85-0DB978CB7B66}.Release|x86.ActiveCfg = Release|Any CPU
		{CDB0357E-BFD1-4452-8F85-0DB978CB7B66}.Release|x86.Build.0 = Release|Any CPU
		{C139BC52-FB07-4C5B-B8A9-1B03AAB4A10E}.Debug|Any CPU.ActiveCfg = Debug|Any CPU
		{C139BC52-FB07-4C5B-B8A9-1B03AAB4A10E}.Debug|Any CPU.Build.0 = Debug|Any CPU
		{C139BC52-FB07-4C5B-B8A9-1B03AAB4A10E}.Debug|x64.ActiveCfg = Debug|Any CPU
		{C139BC52-FB07-4C5B-B8A9-1B03AAB4A10E}.Debug|x64.Build.0 = Debug|Any CPU
		{C139BC52-FB07-4C5B-B8A9-1B03AAB4A10E}.Debug|x86.ActiveCfg = Debug|Any CPU
		{C139BC52-FB07-4C5B-B8A9-1B03AAB4A10E}.Debug|x86.Build.0 = Debug|Any CPU
		{C139BC52-FB07-4C5B-B8A9-1B03AAB4A10E}.Release|Any CPU.ActiveCfg = Release|Any CPU
		{C139BC52-FB07-4C5B-B8A9-1B03AAB4A10E}.Release|Any CPU.Build.0 = Release|Any CPU
		{C139BC52-FB07-4C5B-B8A9-1B03AAB4A10E}.Release|x64.ActiveCfg = Release|Any CPU
		{C139BC52-FB07-4C5B-B8A9-1B03AAB4A10E}.Release|x64.Build.0 = Release|Any CPU
		{C139BC52-FB07-4C5B-B8A9-1B03AAB4A10E}.Release|x86.ActiveCfg = Release|Any CPU
		{C139BC52-FB07-4C5B-B8A9-1B03AAB4A10E}.Release|x86.Build.0 = Release|Any CPU
	EndGlobalSection
	GlobalSection(SolutionProperties) = preSolution
		HideSolutionNode = FALSE
	EndGlobalSection
EndGlobal
